# THIS IS AN AUTOGENERATED FILE. DO NOT EDIT THIS FILE DIRECTLY.
# yarn lockfile v1


lightgallery.js@^1.4.0:
  version "1.4.0"
  resolved "https://registry.yarnpkg.com/lightgallery.js/-/lightgallery.js-1.4.0.tgz#f4b43b01b2acce43bd7e6d8dbcf1d5541cd2fb03"
  integrity sha512-TK7auNMSz0sPjotq/VtKH/fe8GPkVRlmFf8F3zVsbFccLJL4r3U1VON+IggyE8Wy04QwbFQxTIIMqL7blibGSA==
